
Microsoft Visual Studio Solution File, Format Version 12.00
Project("{FAE04EC0-301F-11D3-BF4B-00C04F79EFBC}") = "Sonar.AutoSwitch", "Sonar.AutoSwitch\Sonar.AutoSwitch.csproj", "{AEFBDC85-E7C1-4F6C-9C58-083586F4CFFF}"
EndProject
Global
	GlobalSection(SolutionConfigurationPlatforms) = preSolution
		Debug|Any CPU = Debug|Any CPU
		Release|Any CPU = Release|Any CPU
	EndGlobalSection
	GlobalSection(ProjectConfigurationPlatforms) = postSolution
		{AEFBDC85-E7C1-4F6C-9C58-083586F4CFFF}.Debug|Any CPU.ActiveCfg = Debug|Any CPU
		{AEFBDC85-E7C1-4F6C-9C58-083586F4CFFF}.Debug|Any CPU.Build.0 = Debug|Any CPU
		{AEFBDC85-E7C1-4F6C-9C58-083586F4CFFF}.Release|Any CPU.ActiveCfg = Release|Any CPU
		{AEFBDC85-E7C1-4F6C-9C58-083586F4CFFF}.Release|Any CPU.Build.0 = Release|Any CPU
	EndGlobalSection
EndGlobal
